{
  "object": {
    "pins": [
      {
        "package": "Defaults",
        "repositoryURL": "https://github.com/sindresorhus/Defaults",
        "state": {
          "branch": null,
          "revision": "63d93f97ad545c8bceb125a8a36175ea705f7cf5",
          "version": "5.0.0"
        }
      },
      {
        "package": "Insomnia",
        "repositoryURL": "https://github.com/ochococo/Insomnia",
        "state": {
          "branch": null,
          "revision": "212e3d1e8d49248796e436679b60ee1dfda622ce",
          "version": "2.0.1"
        }
      },
      {
        "package": "Preferences",
        "repositoryURL": "https://github.com/sindresorhus/Preferences",
        "state": {
          "branch": null,
          "revision": "ffeaaad1def45d0625720dc1adae3789cd9c167d",
          "version": "2.5.0"
        }
      }
    ]
  },
  "version": 1
}
